
Microsoft Visual Studio Solution File, Format Version 12.00
# Visual Studio 14
VisualStudioVersion = 14.0.25420.1
MinimumVisualStudioVersion = 10.0.40219.1
Project("{D954291E-2A0B-460D-934E-DC6B0785DB48}") = "Shared", "Shared\Shared.shproj", "{A7976B97-1E9B-4CFC-836A-C1D95E27DB17}"
EndProject
Project("{FAE04EC0-301F-11D3-BF4B-00C04F79EFBC}") = "Viewer.Universal", "Viewer.Universal\Viewer.Universal.csproj", "{34ABBE16-1E40-49A8-9580-2DAF89FA71B5}"
EndProject
Project("{FAE04EC0-301F-11D3-BF4B-00C04F79EFBC}") = "Viewer.Android", "Viewer.Android\Viewer.Android.csproj", "{3C9FABE0-EB9E-4598-BE74-82EF7D693540}"
EndProject
Project("{FAE04EC0-301F-11D3-BF4B-00C04F79EFBC}") = "Viewer.Desktop", "Viewer.Desktop\Viewer.Desktop.csproj", "{05DCC202-7457-449A-8F2B-B4527E637A41}"
EndProject
Project("{FAE04EC0-301F-11D3-BF4B-00C04F79EFBC}") = "Viewer.Library", "Viewer.Library\Viewer.Library\Viewer.Library.csproj", "{8D2066B2-3475-4EC8-AFC0-B0C40A53B25D}"
EndProject
Global
	GlobalSection(SharedMSBuildProjectFiles) = preSolution
		Shared\Shared.projitems*{05dcc202-7457-449a-8f2b-b4527e637a41}*SharedItemsImports = 4
		Shared\Shared.projitems*{34abbe16-1e40-49a8-9580-2daf89fa71b5}*SharedItemsImports = 4
		Shared\Shared.projitems*{3c9fabe0-eb9e-4598-be74-82ef7d693540}*SharedItemsImports = 4
		Shared\Shared.projitems*{a7976b97-1e9b-4cfc-836a-c1d95e27db17}*SharedItemsImports = 13
	EndGlobalSection
	GlobalSection(SolutionConfigurationPlatforms) = preSolution
		Ad-Hoc|Any CPU = Ad-Hoc|Any CPU
		Ad-Hoc|ARM = Ad-Hoc|ARM
		Ad-Hoc|iPhone = Ad-Hoc|iPhone
		Ad-Hoc|iPhoneSimulator = Ad-Hoc|iPhoneSimulator
		Ad-Hoc|x64 = Ad-Hoc|x64
		Ad-Hoc|x86 = Ad-Hoc|x86
		AppStore|Any CPU = AppStore|Any CPU
		AppStore|ARM = AppStore|ARM
		AppStore|iPhone = AppStore|iPhone
		AppStore|iPhoneSimulator = AppStore|iPhoneSimulator
		AppStore|x64 = AppStore|x64
		AppStore|x86 = AppStore|x86
		Debug|Any CPU = Debug|Any CPU
		Debug|ARM = Debug|ARM
		Debug|iPhone = Debug|iPhone
		Debug|iPhoneSimulator = Debug|iPhoneSimulator
		Debug|x64 = Debug|x64
		Debug|x86 = Debug|x86
		Release|Any CPU = Release|Any CPU
		Release|ARM = Release|ARM
		Release|iPhone = Release|iPhone
		Release|iPhoneSimulator = Release|iPhoneSimulator
		Release|x64 = Release|x64
		Release|x86 = Release|x86
	EndGlobalSection
	GlobalSection(ProjectConfigurationPlatforms) = postSolution
		{34ABBE16-1E40-49A8-9580-2DAF89FA71B5}.Ad-Hoc|Any CPU.ActiveCfg = Release|x64
		{34ABBE16-1E40-49A8-9580-2DAF89FA71B5}.Ad-Hoc|Any CPU.Build.0 = Release|x64
		{34ABBE16-1E40-49A8-9580-2DAF89FA71B5}.Ad-Hoc|Any CPU.Deploy.0 = Release|x64
		{34ABBE16-1E40-49A8-9580-2DAF89FA71B5}.Ad-Hoc|ARM.ActiveCfg = Release|ARM
		{34ABBE16-1E40-49A8-9580-2DAF89FA71B5}.Ad-Hoc|ARM.Build.0 = Release|ARM
		{34ABBE16-1E40-49A8-9580-2DAF89FA71B5}.Ad-Hoc|ARM.Deploy.0 = Release|ARM
		{34ABBE16-1E40-49A8-9580-2DAF89FA71B5}.Ad-Hoc|iPhone.ActiveCfg = Release|x64
		{34ABBE16-1E40-49A8-9580-2DAF89FA71B5}.Ad-Hoc|iPhone.Build.0 = Release|x64
		{34ABBE16-1E40-49A8-9580-2DAF89FA71B5}.Ad-Hoc|iPhone.Deploy.0 = Release|x64
		{34ABBE16-1E40-49A8-9580-2DAF89FA71B5}.Ad-Hoc|iPhoneSimulator.ActiveCfg = Release|x64
		{34ABBE16-1E40-49A8-9580-2DAF89FA71B5}.Ad-Hoc|iPhoneSimulator.Build.0 = Release|x64
		{34ABBE16-1E40-49A8-9580-2DAF89FA71B5}.Ad-Hoc|iPhoneSimulator.Deploy.0 = Release|x64
		{34ABBE16-1E40-49A8-9580-2DAF89FA71B5}.Ad-Hoc|x64.ActiveCfg = Release|x64
		{34ABBE16-1E40-49A8-9580-2DAF89FA71B5}.Ad-Hoc|x64.Build.0 = Release|x64
		{34ABBE16-1E40-49A8-9580-2DAF89FA71B5}.Ad-Hoc|x64.Deploy.0 = Release|x64
		{34ABBE16-1E40-49A8-9580-2DAF89FA71B5}.Ad-Hoc|x86.ActiveCfg = Release|x86
		{34ABBE16-1E40-49A8-9580-2DAF89FA71B5}.Ad-Hoc|x86.Build.0 = Release|x86
		{34ABBE16-1E40-49A8-9580-2DAF89FA71B5}.Ad-Hoc|x86.Deploy.0 = Release|x86
		{34ABBE16-1E40-49A8-9580-2DAF89FA71B5}.AppStore|Any CPU.ActiveCfg = Release|x64
		{34ABBE16-1E40-49A8-9580-2DAF89FA71B5}.AppStore|Any CPU.Build.0 = Release|x64
		{34ABBE16-1E40-49A8-9580-2DAF89FA71B5}.AppStore|Any CPU.Deploy.0 = Release|x64
		{34ABBE16-1E40-49A8-9580-2DAF89FA71B5}.AppStore|ARM.ActiveCfg = Release|ARM
		{34ABBE16-1E40-49A8-9580-2DAF89FA71B5}.AppStore|ARM.Build.0 = Release|ARM
		{34ABBE16-1E40-49A8-9580-2DAF89FA71B5}.AppStore|ARM.Deploy.0 = Release|ARM
		{34ABBE16-1E40-49A8-9580-2DAF89FA71B5}.AppStore|iPhone.ActiveCfg = Release|x64
		{34ABBE16-1E40-49A8-9580-2DAF89FA71B5}.AppStore|iPhone.Build.0 = Release|x64
		{34ABBE16-1E40-49A8-9580-2DAF89FA71B5}.AppStore|iPhone.Deploy.0 = Release|x64
		{34ABBE16-1E40-49A8-9580-2DAF89FA71B5}.AppStore|iPhoneSimulator.ActiveCfg = Release|x64
		{34ABBE16-1E40-49A8-9580-2DAF89FA71B5}.AppStore|iPhoneSimulator.Build.0 = Release|x64
		{34ABBE16-1E40-49A8-9580-2DAF89FA71B5}.AppStore|iPhoneSimulator.Deploy.0 = Release|x64
		{34ABBE16-1E40-49A8-9580-2DAF89FA71B5}.AppStore|x64.ActiveCfg = Release|x64
		{34ABBE16-1E40-49A8-9580-2DAF89FA71B5}.AppStore|x64.Build.0 = Release|x64
		{34ABBE16-1E40-49A8-9580-2DAF89FA71B5}.AppStore|x64.Deploy.0 = Release|x64
		{34ABBE16-1E40-49A8-9580-2DAF89FA71B5}.AppStore|x86.ActiveCfg = Release|x86
		{34ABBE16-1E40-49A8-9580-2DAF89FA71B5}.AppStore|x86.Build.0 = Release|x86
		{34ABBE16-1E40-49A8-9580-2DAF89FA71B5}.AppStore|x86.Deploy.0 = Release|x86
		{34ABBE16-1E40-49A8-9580-2DAF89FA71B5}.Debug|Any CPU.ActiveCfg = Debug|x86
		{34ABBE16-1E40-49A8-9580-2DAF89FA71B5}.Debug|ARM.ActiveCfg = Debug|ARM
		{34ABBE16-1E40-49A8-9580-2DAF89FA71B5}.Debug|ARM.Build.0 = Debug|ARM
		{34ABBE16-1E40-49A8-9580-2DAF89FA71B5}.Debug|ARM.Deploy.0 = Debug|ARM
		{34ABBE16-1E40-49A8-9580-2DAF89FA71B5}.Debug|iPhone.ActiveCfg = Debug|x86
		{34ABBE16-1E40-49A8-9580-2DAF89FA71B5}.Debug|iPhoneSimulator.ActiveCfg = Debug|x86
		{34ABBE16-1E40-49A8-9580-2DAF89FA71B5}.Debug|x64.ActiveCfg = Debug|x64
		{34ABBE16-1E40-49A8-9580-2DAF89FA71B5}.Debug|x64.Build.0 = Debug|x64
		{34ABBE16-1E40-49A8-9580-2DAF89FA71B5}.Debug|x64.Deploy.0 = Debug|x64
		{34ABBE16-1E40-49A8-9580-2DAF89FA71B5}.Debug|x86.ActiveCfg = Debug|x86
		{34ABBE16-1E40-49A8-9580-2DAF89FA71B5}.Debug|x86.Build.0 = Debug|x86
		{34ABBE16-1E40-49A8-9580-2DAF89FA71B5}.Debug|x86.Deploy.0 = Debug|x86
		{34ABBE16-1E40-49A8-9580-2DAF89FA71B5}.Release|Any CPU.ActiveCfg = Release|x86
		{34ABBE16-1E40-49A8-9580-2DAF89FA71B5}.Release|ARM.ActiveCfg = Release|ARM
		{34ABBE16-1E40-49A8-9580-2DAF89FA71B5}.Release|ARM.Build.0 = Release|ARM
		{34ABBE16-1E40-49A8-9580-2DAF89FA71B5}.Release|ARM.Deploy.0 = Release|ARM
		{34ABBE16-1E40-49A8-9580-2DAF89FA71B5}.Release|iPhone.ActiveCfg = Release|x86
		{34ABBE16-1E40-49A8-9580-2DAF89FA71B5}.Release|iPhoneSimulator.ActiveCfg = Release|x86
		{34ABBE16-1E40-49A8-9580-2DAF89FA71B5}.Release|x64.ActiveCfg = Release|x64
		{34ABBE16-1E40-49A8-9580-2DAF89FA71B5}.Release|x64.Build.0 = Release|x64
		{34ABBE16-1E40-49A8-9580-2DAF89FA71B5}.Release|x64.Deploy.0 = Release|x64
		{34ABBE16-1E40-49A8-9580-2DAF89FA71B5}.Release|x86.ActiveCfg = Release|x86
		{34ABBE16-1E40-49A8-9580-2DAF89FA71B5}.Release|x86.Build.0 = Release|x86
		{34ABBE16-1E40-49A8-9580-2DAF89FA71B5}.Release|x86.Deploy.0 = Release|x86
		{3C9FABE0-EB9E-4598-BE74-82EF7D693540}.Ad-Hoc|Any CPU.ActiveCfg = Release|Any CPU
		{3C9FABE0-EB9E-4598-BE74-82EF7D693540}.Ad-Hoc|Any CPU.Build.0 = Release|Any CPU
		{3C9FABE0-EB9E-4598-BE74-82EF7D693540}.Ad-Hoc|Any CPU.Deploy.0 = Release|Any CPU
		{3C9FABE0-EB9E-4598-BE74-82EF7D693540}.Ad-Hoc|ARM.ActiveCfg = Release|Any CPU
		{3C9FABE0-EB9E-4598-BE74-82EF7D693540}.Ad-Hoc|ARM.Build.0 = Release|Any CPU
		{3C9FABE0-EB9E-4598-BE74-82EF7D693540}.Ad-Hoc|ARM.Deploy.0 = Release|Any CPU
		{3C9FABE0-EB9E-4598-BE74-82EF7D693540}.Ad-Hoc|iPhone.ActiveCfg = Release|Any CPU
		{3C9FABE0-EB9E-4598-BE74-82EF7D693540}.Ad-Hoc|iPhone.Build.0 = Release|Any CPU
		{3C9FABE0-EB9E-4598-BE74-82EF7D693540}.Ad-Hoc|iPhone.Deploy.0 = Release|Any CPU
		{3C9FABE0-EB9E-4598-BE74-82EF7D693540}.Ad-Hoc|iPhoneSimulator.ActiveCfg = Release|Any CPU
		{3C9FABE0-EB9E-4598-BE74-82EF7D693540}.Ad-Hoc|iPhoneSimulator.Build.0 = Release|Any CPU
		{3C9FABE0-EB9E-4598-BE74-82EF7D693540}.Ad-Hoc|iPhoneSimulator.Deploy.0 = Release|Any CPU
		{3C9FABE0-EB9E-4598-BE74-82EF7D693540}.Ad-Hoc|x64.ActiveCfg = Release|Any CPU
		{3C9FABE0-EB9E-4598-BE74-82EF7D693540}.Ad-Hoc|x64.Build.0 = Release|Any CPU
		{3C9FABE0-EB9E-4598-BE74-82EF7D693540}.Ad-Hoc|x64.Deploy.0 = Release|Any CPU
		{3C9FABE0-EB9E-4598-BE74-82EF7D693540}.Ad-Hoc|x86.ActiveCfg = Release|Any CPU
		{3C9FABE0-EB9E-4598-BE74-82EF7D693540}.Ad-Hoc|x86.Build.0 = Release|Any CPU
		{3C9FABE0-EB9E-4598-BE74-82EF7D693540}.Ad-Hoc|x86.Deploy.0 = Release|Any CPU
		{3C9FABE0-EB9E-4598-BE74-82EF7D693540}.AppStore|Any CPU.ActiveCfg = Release|Any CPU
		{3C9FABE0-EB9E-4598-BE74-82EF7D693540}.AppStore|Any CPU.Build.0 = Release|Any CPU
		{3C9FABE0-EB9E-4598-BE74-82EF7D693540}.AppStore|Any CPU.Deploy.0 = Release|Any CPU
		{3C9FABE0-EB9E-4598-BE74-82EF7D693540}.AppStore|ARM.ActiveCfg = Release|Any CPU
		{3C9FABE0-EB9E-4598-BE74-82EF7D693540}.AppStore|ARM.Build.0 = Release|Any CPU
		{3C9FABE0-EB9E-4598-BE74-82EF7D693540}.AppStore|ARM.Deploy.0 = Release|Any CPU
		{3C9FABE0-EB9E-4598-BE74-82EF7D693540}.AppStore|iPhone.ActiveCfg = Release|Any CPU
		{3C9FABE0-EB9E-4598-BE74-82EF7D693540}.AppStore|iPhone.Build.0 = Release|Any CPU
		{3C9FABE0-EB9E-4598-BE74-82EF7D693540}.AppStore|iPhone.Deploy.0 = Release|Any CPU
		{3C9FABE0-EB9E-4598-BE74-82EF7D693540}.AppStore|iPhoneSimulator.ActiveCfg = Release|Any CPU
		{3C9FABE0-EB9E-4598-BE74-82EF7D693540}.AppStore|iPhoneSimulator.Build.0 = Release|Any CPU
		{3C9FABE0-EB9E-4598-BE74-82EF7D693540}.AppStore|iPhoneSimulator.Deploy.0 = Release|Any CPU
		{3C9FABE0-EB9E-4598-BE74-82EF7D693540}.AppStore|x64.ActiveCfg = Release|Any CPU
		{3C9FABE0-EB9E-4598-BE74-82EF7D693540}.AppStore|x64.Build.0 = Release|Any CPU
		{3C9FABE0-EB9E-4598-BE74-82EF7D693540}.AppStore|x64.Deploy.0 = Release|Any CPU
		{3C9FABE0-EB9E-4598-BE74-82EF7D693540}.AppStore|x86.ActiveCfg = Release|Any CPU
		{3C9FABE0-EB9E-4598-BE74-82EF7D693540}.AppStore|x86.Build.0 = Release|Any CPU
		{3C9FABE0-EB9E-4598-BE74-82EF7D693540}.AppStore|x86.Deploy.0 = Release|Any CPU
		{3C9FABE0-EB9E-4598-BE74-82EF7D693540}.Debug|Any CPU.ActiveCfg = Debug|Any CPU
		{3C9FABE0-EB9E-4598-BE74-82EF7D693540}.Debug|Any CPU.Build.0 = Debug|Any CPU
		{3C9FABE0-EB9E-4598-BE74-82EF7D693540}.Debug|Any CPU.Deploy.0 = Debug|Any CPU
		{3C9FABE0-EB9E-4598-BE74-82EF7D693540}.Debug|ARM.ActiveCfg = Debug|Any CPU
		{3C9FABE0-EB9E-4598-BE74-82EF7D693540}.Debug|ARM.Build.0 = Debug|Any CPU
		{3C9FABE0-EB9E-4598-BE74-82EF7D693540}.Debug|ARM.Deploy.0 = Debug|Any CPU
		{3C9FABE0-EB9E-4598-BE74-82EF7D693540}.Debug|iPhone.ActiveCfg = Debug|Any CPU
		{3C9FABE0-EB9E-4598-BE74-82EF7D693540}.Debug|iPhone.Build.0 = Debug|Any CPU
		{3C9FABE0-EB9E-4598-BE74-82EF7D693540}.Debug|iPhone.Deploy.0 = Debug|Any CPU
		{3C9FABE0-EB9E-4598-BE74-82EF7D693540}.Debug|iPhoneSimulator.ActiveCfg = Debug|Any CPU
		{3C9FABE0-EB9E-4598-BE74-82EF7D693540}.Debug|iPhoneSimulator.Build.0 = Debug|Any CPU
		{3C9FABE0-EB9E-4598-BE74-82EF7D693540}.Debug|iPhoneSimulator.Deploy.0 = Debug|Any CPU
		{3C9FABE0-EB9E-4598-BE74-82EF7D693540}.Debug|x64.ActiveCfg = Debug|x64
		{3C9FABE0-EB9E-4598-BE74-82EF7D693540}.Debug|x64.Build.0 = Debug|x64
		{3C9FABE0-EB9E-4598-BE74-82EF7D693540}.Debug|x64.Deploy.0 = Debug|x64
		{3C9FABE0-EB9E-4598-BE74-82EF7D693540}.Debug|x86.ActiveCfg = Debug|Any CPU
		{3C9FABE0-EB9E-4598-BE74-82EF7D693540}.Debug|x86.Build.0 = Debug|Any CPU
		{3C9FABE0-EB9E-4598-BE74-82EF7D693540}.Debug|x86.Deploy.0 = Debug|Any CPU
		{3C9FABE0-EB9E-4598-BE74-82EF7D693540}.Release|Any CPU.ActiveCfg = Release|Any CPU
		{3C9FABE0-EB9E-4598-BE74-82EF7D693540}.Release|Any CPU.Build.0 = Release|Any CPU
		{3C9FABE0-EB9E-4598-BE74-82EF7D693540}.Release|Any CPU.Deploy.0 = Release|Any CPU
		{3C9FABE0-EB9E-4598-BE74-82EF7D693540}.Release|ARM.ActiveCfg = Release|Any CPU
		{3C9FABE0-EB9E-4598-BE74-82EF7D693540}.Release|ARM.Build.0 = Release|Any CPU
		{3C9FABE0-EB9E-4598-BE74-82EF7D693540}.Release|ARM.Deploy.0 = Release|Any CPU
		{3C9FABE0-EB9E-4598-BE74-82EF7D693540}.Release|iPhone.ActiveCfg = Release|Any CPU
		{3C9FABE0-EB9E-4598-BE74-82EF7D693540}.Release|iPhone.Build.0 = Release|Any CPU
		{3C9FABE0-EB9E-4598-BE74-82EF7D693540}.Release|iPhone.Deploy.0 = Release|Any CPU
		{3C9FABE0-EB9E-4598-BE74-82EF7D693540}.Release|iPhoneSimulator.ActiveCfg = Release|Any CPU
		{3C9FABE0-EB9E-4598-BE74-82EF7D693540}.Release|iPhoneSimulator.Build.0 = Release|Any CPU
		{3C9FABE0-EB9E-4598-BE74-82EF7D693540}.Release|iPhoneSimulator.Deploy.0 = Release|Any CPU
		{3C9FABE0-EB9E-4598-BE74-82EF7D693540}.Release|x64.ActiveCfg = Release|Any CPU
		{3C9FABE0-EB9E-4598-BE74-82EF7D693540}.Release|x64.Build.0 = Release|Any CPU
		{3C9FABE0-EB9E-4598-BE74-82EF7D693540}.Release|x64.Deploy.0 = Release|Any CPU
		{3C9FABE0-EB9E-4598-BE74-82EF7D693540}.Release|x86.ActiveCfg = Release|Any CPU
		{3C9FABE0-EB9E-4598-BE74-82EF7D693540}.Release|x86.Build.0 = Release|Any CPU
		{3C9FABE0-EB9E-4598-BE74-82EF7D693540}.Release|x86.Deploy.0 = Release|Any CPU
		{05DCC202-7457-449A-8F2B-B4527E637A41}.Ad-Hoc|Any CPU.ActiveCfg = Release|Any CPU
		{05DCC202-7457-449A-8F2B-B4527E637A41}.Ad-Hoc|Any CPU.Build.0 = Release|Any CPU
		{05DCC202-7457-449A-8F2B-B4527E637A41}.Ad-Hoc|ARM.ActiveCfg = Release|Any CPU
		{05DCC202-7457-449A-8F2B-B4527E637A41}.Ad-Hoc|ARM.Build.0 = Release|Any CPU
		{05DCC202-7457-449A-8F2B-B4527E637A41}.Ad-Hoc|iPhone.ActiveCfg = Release|Any CPU
		{05DCC202-7457-449A-8F2B-B4527E637A41}.Ad-Hoc|iPhone.Build.0 = Release|Any CPU
		{05DCC202-7457-449A-8F2B-B4527E637A41}.Ad-Hoc|iPhoneSimulator.ActiveCfg = Release|Any CPU
		{05DCC202-7457-449A-8F2B-B4527E637A41}.Ad-Hoc|iPhoneSimulator.Build.0 = Release|Any CPU
		{05DCC202-7457-449A-8F2B-B4527E637A41}.Ad-Hoc|x64.ActiveCfg = Release|Any CPU
		{05DCC202-7457-449A-8F2B-B4527E637A41}.Ad-Hoc|x64.Build.0 = Release|Any CPU
		{05DCC202-7457-449A-8F2B-B4527E637A41}.Ad-Hoc|x86.ActiveCfg = Release|Any CPU
		{05DCC202-7457-449A-8F2B-B4527E637A41}.Ad-Hoc|x86.Build.0 = Release|Any CPU
		{05DCC202-7457-449A-8F2B-B4527E637A41}.AppStore|Any CPU.ActiveCfg = Release|Any CPU
		{05DCC202-7457-449A-8F2B-B4527E637A41}.AppStore|Any CPU.Build.0 = Release|Any CPU
		{05DCC202-7457-449A-8F2B-B4527E637A41}.AppStore|ARM.ActiveCfg = Release|Any CPU
		{05DCC202-7457-449A-8F2B-B4527E637A41}.AppStore|ARM.Build.0 = Release|Any CPU
		{05DCC202-7457-449A-8F2B-B4527E637A41}.AppStore|iPhone.ActiveCfg = Release|Any CPU
		{05DCC202-7457-449A-8F2B-B4527E637A41}.AppStore|iPhone.Build.0 = Release|Any CPU
		{05DCC202-7457-449A-8F2B-B4527E637A41}.AppStore|iPhoneSimulator.ActiveCfg = Release|Any CPU
		{05DCC202-7457-449A-8F2B-B4527E637A41}.AppStore|iPhoneSimulator.Build.0 = Release|Any CPU
		{05DCC202-7457-449A-8F2B-B4527E637A41}.AppStore|x64.ActiveCfg = Release|Any CPU
		{05DCC202-7457-449A-8F2B-B4527E637A41}.AppStore|x64.Build.0 = Release|Any CPU
		{05DCC202-7457-449A-8F2B-B4527E637A41}.AppStore|x86.ActiveCfg = Release|Any CPU
		{05DCC202-7457-449A-8F2B-B4527E637A41}.AppStore|x86.Build.0 = Release|Any CPU
		{05DCC202-7457-449A-8F2B-B4527E637A41}.Debug|Any CPU.ActiveCfg = Debug|Any CPU
		{05DCC202-7457-449A-8F2B-B4527E637A41}.Debug|Any CPU.Build.0 = Debug|Any CPU
		{05DCC202-7457-449A-8F2B-B4527E637A41}.Debug|ARM.ActiveCfg = Debug|Any CPU
		{05DCC202-7457-449A-8F2B-B4527E637A41}.Debug|ARM.Build.0 = Debug|Any CPU
		{05DCC202-7457-449A-8F2B-B4527E637A41}.Debug|iPhone.ActiveCfg = Debug|Any CPU
		{05DCC202-7457-449A-8F2B-B4527E637A41}.Debug|iPhone.Build.0 = Debug|Any CPU
		{05DCC202-7457-449A-8F2B-B4527E637A41}.Debug|iPhoneSimulator.ActiveCfg = Debug|Any CPU
		{05DCC202-7457-449A-8F2B-B4527E637A41}.Debug|iPhoneSimulator.Build.0 = Debug|Any CPU
		{05DCC202-7457-449A-8F2B-B4527E637A41}.Debug|x64.ActiveCfg = Debug|x64
		{05DCC202-7457-449A-8F2B-B4527E637A41}.Debug|x64.Build.0 = Debug|x64
		{05DCC202-7457-449A-8F2B-B4527E637A41}.Debug|x86.ActiveCfg = Debug|Any CPU
		{05DCC202-7457-449A-8F2B-B4527E637A41}.Debug|x86.Build.0 = Debug|Any CPU
		{05DCC202-7457-449A-8F2B-B4527E637A41}.Release|Any CPU.ActiveCfg = Release|Any CPU
		{05DCC202-7457-449A-8F2B-B4527E637A41}.Release|Any CPU.Build.0 = Release|Any CPU
		{05DCC202-7457-449A-8F2B-B4527E637A41}.Release|ARM.ActiveCfg = Release|Any CPU
		{05DCC202-7457-449A-8F2B-B4527E637A41}.Release|ARM.Build.0 = Release|Any CPU
		{05DCC202-7457-449A-8F2B-B4527E637A41}.Release|iPhone.ActiveCfg = Release|Any CPU
		{05DCC202-7457-449A-8F2B-B4527E637A41}.Release|iPhone.Build.0 = Release|Any CPU
		{05DCC202-7457-449A-8F2B-B4527E637A41}.Release|iPhoneSimulator.ActiveCfg = Release|Any CPU
		{05DCC202-7457-449A-8F2B-B4527E637A41}.Release|iPhoneSimulator.Build.0 = Release|Any CPU
		{05DCC202-7457-449A-8F2B-B4527E637A41}.Release|x64.ActiveCfg = Release|Any CPU
		{05DCC202-7457-449A-8F2B-B4527E637A41}.Release|x64.Build.0 = Release|Any CPU
		{05DCC202-7457-449A-8F2B-B4527E637A41}.Release|x86.ActiveCfg = Release|Any CPU
		{05DCC202-7457-449A-8F2B-B4527E637A41}.Release|x86.Build.0 = Release|Any CPU
		{8D2066B2-3475-4EC8-AFC0-B0C40A53B25D}.Ad-Hoc|Any CPU.ActiveCfg = Release|Any CPU
		{8D2066B2-3475-4EC8-AFC0-B0C40A53B25D}.Ad-Hoc|Any CPU.Build.0 = Release|Any CPU
		{8D2066B2-3475-4EC8-AFC0-B0C40A53B25D}.Ad-Hoc|ARM.ActiveCfg = Release|Any CPU
		{8D2066B2-3475-4EC8-AFC0-B0C40A53B25D}.Ad-Hoc|ARM.Build.0 = Release|Any CPU
		{8D2066B2-3475-4EC8-AFC0-B0C40A53B25D}.Ad-Hoc|iPhone.ActiveCfg = Release|Any CPU
		{8D2066B2-3475-4EC8-AFC0-B0C40A53B25D}.Ad-Hoc|iPhone.Build.0 = Release|Any CPU
		{8D2066B2-3475-4EC8-AFC0-B0C40A53B25D}.Ad-Hoc|iPhoneSimulator.ActiveCfg = Release|Any CPU
		{8D2066B2-3475-4EC8-AFC0-B0C40A53B25D}.Ad-Hoc|iPhoneSimulator.Build.0 = Release|Any CPU
		{8D2066B2-3475-4EC8-AFC0-B0C40A53B25D}.Ad-Hoc|x64.ActiveCfg = Release|Any CPU
		{8D2066B2-3475-4EC8-AFC0-B0C40A53B25D}.Ad-Hoc|x64.Build.0 = Release|Any CPU
		{8D2066B2-3475-4EC8-AFC0-B0C40A53B25D}.Ad-Hoc|x86.ActiveCfg = Release|Any CPU
		{8D2066B2-3475-4EC8-AFC0-B0C40A53B25D}.Ad-Hoc|x86.Build.0 = Release|Any CPU
		{8D2066B2-3475-4EC8-AFC0-B0C40A53B25D}.AppStore|Any CPU.ActiveCfg = Release|Any CPU
		{8D2066B2-3475-4EC8-AFC0-B0C40A53B25D}.AppStore|Any CPU.Build.0 = Release|Any CPU
		{8D2066B2-3475-4EC8-AFC0-B0C40A53B25D}.AppStore|ARM.ActiveCfg = Release|Any CPU
		{8D2066B2-3475-4EC8-AFC0-B0C40A53B25D}.AppStore|ARM.Build.0 = Release|Any CPU
		{8D2066B2-3475-4EC8-AFC0-B0C40A53B25D}.AppStore|iPhone.ActiveCfg = Release|Any CPU
		{8D2066B2-3475-4EC8-AFC0-B0C40A53B25D}.AppStore|iPhone.Build.0 = Release|Any CPU
		{8D2066B2-3475-4EC8-AFC0-B0C40A53B25D}.AppStore|iPhoneSimulator.ActiveCfg = Release|Any CPU
		{8D2066B2-3475-4EC8-AFC0-B0C40A53B25D}.AppStore|iPhoneSimulator.Build.0 = Release|Any CPU
		{8D2066B2-3475-4EC8-AFC0-B0C40A53B25D}.AppStore|x64.ActiveCfg = Release|Any CPU
		{8D2066B2-3475-4EC8-AFC0-B0C40A53B25D}.AppStore|x64.Build.0 = Release|Any CPU
		{8D2066B2-3475-4EC8-AFC0-B0C40A53B25D}.AppStore|x86.ActiveCfg = Release|Any CPU
		{8D2066B2-3475-4EC8-AFC0-B0C40A53B25D}.AppStore|x86.Build.0 = Release|Any CPU
		{8D2066B2-3475-4EC8-AFC0-B0C40A53B25D}.Debug|Any CPU.ActiveCfg = Debug|Any CPU
		{8D2066B2-3475-4EC8-AFC0-B0C40A53B25D}.Debug|Any CPU.Build.0 = Debug|Any CPU
		{8D2066B2-3475-4EC8-AFC0-B0C40A53B25D}.Debug|ARM.ActiveCfg = Debug|Any CPU
		{8D2066B2-3475-4EC8-AFC0-B0C40A53B25D}.Debug|ARM.Build.0 = Debug|Any CPU
		{8D2066B2-3475-4EC8-AFC0-B0C40A53B25D}.Debug|iPhone.ActiveCfg = Debug|Any CPU
		{8D2066B2-3475-4EC8-AFC0-B0C40A53B25D}.Debug|iPhone.Build.0 = Debug|Any CPU
		{8D2066B2-3475-4EC8-AFC0-B0C40A53B25D}.Debug|iPhoneSimulator.ActiveCfg = Debug|Any CPU
		{8D2066B2-3475-4EC8-AFC0-B0C40A53B25D}.Debug|iPhoneSimulator.Build.0 = Debug|Any CPU
		{8D2066B2-3475-4EC8-AFC0-B0C40A53B25D}.Debug|x64.ActiveCfg = Debug|Any CPU
		{8D2066B2-3475-4EC8-AFC0-B0C40A53B25D}.Debug|x64.Build.0 = Debug|Any CPU
		{8D2066B2-3475-4EC8-AFC0-B0C40A53B25D}.Debug|x86.ActiveCfg = Debug|Any CPU
		{8D2066B2-3475-4EC8-AFC0-B0C40A53B25D}.Debug|x86.Build.0 = Debug|Any CPU
		{8D2066B2-3475-4EC8-AFC0-B0C40A53B25D}.Release|Any CPU.ActiveCfg = Release|Any CPU
		{8D2066B2-3475-4EC8-AFC0-B0C40A53B25D}.Release|Any CPU.Build.0 = Release|Any CPU
		{8D2066B2-3475-4EC8-AFC0-B0C40A53B25D}.Release|ARM.ActiveCfg = Release|Any CPU
		{8D2066B2-3475-4EC8-AFC0-B0C40A53B25D}.Release|ARM.Build.0 = Release|Any CPU
		{8D2066B2-3475-4EC8-AFC0-B0C40A53B25D}.Release|iPhone.ActiveCfg = Release|Any CPU
		{8D2066B2-3475-4EC8-AFC0-B0C40A53B25D}.Release|iPhone.Build.0 = Release|Any CPU
		{8D2066B2-3475-4EC8-AFC0-B0C40A53B25D}.Release|iPhoneSimulator.ActiveCfg = Release|Any CPU
		{8D2066B2-3475-4EC8-AFC0-B0C40A53B25D}.Release|iPhoneSimulator.Build.0 = Release|Any CPU
		{8D2066B2-3475-4EC8-AFC0-B0C40A53B25D}.Release|x64.ActiveCfg = Release|Any CPU
		{8D2066B2-3475-4EC8-AFC0-B0C40A53B25D}.Release|x64.Build.0 = Release|Any CPU
		{8D2066B2-3475-4EC8-AFC0-B0C40A53B25D}.Release|x86.ActiveCfg = Release|Any CPU
		{8D2066B2-3475-4EC8-AFC0-B0C40A53B25D}.Release|x86.Build.0 = Release|Any CPU
	EndGlobalSection
	GlobalSection(SolutionProperties) = preSolution
		HideSolutionNode = FALSE
	EndGlobalSection
EndGlobal
